// !$*UTF8*$!
{
	archiveVersion = 1;
	classes = {
	};
	objectVersion = 50;
	objects = {

/* Begin PBXBuildFile section */
		DB18BD2F21EB0F87001013A0 /* TopViewController.swift in Sources */ = {isa = PBXBuildFile; fileRef = DB18BD2E21EB0F87001013A0 /* TopViewController.swift */; };
		DB2C385E21FB2F22000716B6 /* IconMoreViewController.swift in Sources */ = {isa = PBXBuildFile; fileRef = DB2C385D21FB2F22000716B6 /* IconMoreViewController.swift */; };
		DB2C386021FC4172000716B6 /* FinallyViewController.swift in Sources */ = {isa = PBXBuildFile; fileRef = DB2C385F21FC4172000716B6 /* FinallyViewController.swift */; };
		DB2C386221FC418B000716B6 /* FinallyCollectionViewCell.swift in Sources */ = {isa = PBXBuildFile; fileRef = DB2C386121FC418B000716B6 /* FinallyCollectionViewCell.swift */; };
		DB8AA2C421FB230400626DA3 /* IconCollectionViewCell.swift in Sources */ = {isa = PBXBuildFile; fileRef = DB8AA2C321FB230400626DA3 /* IconCollectionViewCell.swift */; };
		DB9AC73621FAE3E3002A2C2D /* TopMoreViewController.swift in Sources */ = {isa = PBXBuildFile; fileRef = DB9AC73521FAE3E2002A2C2D /* TopMoreViewController.swift */; };
		DB9AC73821FAEC5B002A2C2D /* IconViewController.swift in Sources */ = {isa = PBXBuildFile; fileRef = DB9AC73721FAEC5B002A2C2D /* IconViewController.swift */; };
		DBC27B3821EB1EC0009F3912 /* TopCollectionViewCell.swift in Sources */ = {isa = PBXBuildFile; fileRef = DBC27B3721EB1EC0009F3912 /* TopCollectionViewCell.swift */; };
		DBD6C11E21EAD76500AC0158 /* AppDelegate.swift in Sources */ = {isa = PBXBuildFile; fileRef = DBD6C11D21EAD76500AC0158 /* AppDelegate.swift */; };
		DBD6C12021EAD76500AC0158 /* ViewController.swift in Sources */ = {isa = PBXBuildFile; fileRef = DBD6C11F21EAD76500AC0158 /* ViewController.swift */; };
		DBD6C12321EAD76500AC0158 /* Main.storyboard in Resources */ = {isa = PBXBuildFile; fileRef = DBD6C12121EAD76500AC0158 /* Main.storyboard */; };
		DBD6C12621EAD76500AC0158 /* animateProject.xcdatamodeld in Sources */ = {isa = PBXBuildFile; fileRef = DBD6C12421EAD76500AC0158 /* animateProject.xcdatamodeld */; };
		DBD6C12821EAD76800AC0158 /* Assets.xcassets in Resources */ = {isa = PBXBuildFile; fileRef = DBD6C12721EAD76800AC0158 /* Assets.xcassets */; };
		DBD6C12B21EAD76800AC0158 /* LaunchScreen.storyboard in Resources */ = {isa = PBXBuildFile; fileRef = DBD6C12921EAD76800AC0158 /* LaunchScreen.storyboard */; };
		DBD6C13321EADA1D00AC0158 /* tableViewController.swift in Sources */ = {isa = PBXBuildFile; fileRef = DBD6C13221EADA1D00AC0158 /* tableViewController.swift */; };
		DBD6C13521EADA2900AC0158 /* tableCollectionViewCell.swift in Sources */ = {isa = PBXBuildFile; fileRef = DBD6C13421EADA2900AC0158 /* tableCollectionViewCell.swift */; };
		DBD6C13721EADB6B00AC0158 /* Data.swift in Sources */ = {isa = PBXBuildFile; fileRef = DBD6C13621EADB6B00AC0158 /* Data.swift */; };
/* End PBXBuildFile section */

/* Begin PBXFileReference section */
		DB18BD2E21EB0F87001013A0 /* TopViewController.swift */ = {isa = PBXFileReference; lastKnownFileType = sourcecode.swift; path = TopViewController.swift; sourceTree = "<group>"; };
		DB2C385D21FB2F22000716B6 /* IconMoreViewController.swift */ = {isa = PBXFileReference; lastKnownFileType = sourcecode.swift; path = IconMoreViewController.swift; sourceTree = "<group>"; };
		DB2C385F21FC4172000716B6 /* FinallyViewController.swift */ = {isa = PBXFileReference; lastKnownFileType = sourcecode.swift; path = FinallyViewController.swift; sourceTree = "<group>"; };
		DB2C386121FC418B000716B6 /* FinallyCollectionViewCell.swift */ = {isa = PBXFileReference; lastKnownFileType = sourcecode.swift; path = FinallyCollectionViewCell.swift; sourceTree = "<group>"; };
		DB8AA2C321FB230400626DA3 /* IconCollectionViewCell.swift */ = {isa = PBXFileReference; lastKnownFileType = sourcecode.swift; path = IconCollectionViewCell.swift; sourceTree = "<group>"; };
		DB9AC73521FAE3E2002A2C2D /* TopMoreViewController.swift */ = {isa = PBXFileReference; lastKnownFileType = sourcecode.swift; path = TopMoreViewController.swift; sourceTree = "<group>"; };
		DB9AC73721FAEC5B002A2C2D /* IconViewController.swift */ = {isa = PBXFileReference; lastKnownFileType = sourcecode.swift; path = IconViewController.swift; sourceTree = "<group>"; };
		DBC27B3721EB1EC0009F3912 /* TopCollectionViewCell.swift */ = {isa = PBXFileReference; lastKnownFileType = sourcecode.swift; path = TopCollectionViewCell.swift; sourceTree = "<group>"; };
		DBD6C11A21EAD76500AC0158 /* animateProject.app */ = {isa = PBXFileReference; explicitFileType = wrapper.application; includeInIndex = 0; path = animateProject.app; sourceTree = BUILT_PRODUCTS_DIR; };
		DBD6C11D21EAD76500AC0158 /* AppDelegate.swift */ = {isa = PBXFileReference; lastKnownFileType = sourcecode.swift; path = AppDelegate.swift; sourceTree = "<group>"; };
		DBD6C11F21EAD76500AC0158 /* ViewController.swift */ = {isa = PBXFileReference; lastKnownFileType = sourcecode.swift; path = ViewController.swift; sourceTree = "<group>"; };
		DBD6C12221EAD76500AC0158 /* Base */ = {isa = PBXFileReference; lastKnownFileType = file.storyboard; name = Base; path = Base.lproj/Main.storyboard; sourceTree = "<group>"; };
		DBD6C12521EAD76500AC0158 /* animateProject.xcdatamodel */ = {isa = PBXFileReference; lastKnownFileType = wrapper.xcdatamodel; path = animateProject.xcdatamodel; sourceTree = "<group>"; };
		DBD6C12721EAD76800AC0158 /* Assets.xcassets */ = {isa = PBXFileReference; lastKnownFileType = folder.assetcatalog; path = Assets.xcassets; sourceTree = "<group>"; };
		DBD6C12A21EAD76800AC0158 /* Base */ = {isa = PBXFileReference; lastKnownFileType = file.storyboard; name = Base; path = Base.lproj/LaunchScreen.storyboard; sourceTree = "<group>"; };
		DBD6C12C21EAD76800AC0158 /* Info.plist */ = {isa = PBXFileReference; lastKnownFileType = text.plist.xml; path = Info.plist; sourceTree = "<group>"; };
		DBD6C13221EADA1D00AC0158 /* tableViewController.swift */ = {isa = PBXFileReference; lastKnownFileType = sourcecode.swift; path = tableViewController.swift; sourceTree = "<group>"; };
		DBD6C13421EADA2900AC0158 /* tableCollectionViewCell.swift */ = {isa = PBXFileReference; lastKnownFileType = sourcecode.swift; path = tableCollectionViewCell.swift; sourceTree = "<group>"; };
		DBD6C13621EADB6B00AC0158 /* Data.swift */ = {isa = PBXFileReference; lastKnownFileType = sourcecode.swift; path = Data.swift; sourceTree = "<group>"; };
/* End PBXFileReference section */

/* Begin PBXFrameworksBuildPhase section */
		DBD6C11721EAD76400AC0158 /* Frameworks */ = {
			isa = PBXFrameworksBuildPhase;
			buildActionMask = 2147483647;
			files = (
			);
			runOnlyForDeploymentPostprocessing = 0;
		};
/* End PBXFrameworksBuildPhase section */

/* Begin PBXGroup section */
		DBD6C11121EAD76400AC0158 = {
			isa = PBXGroup;
			children = (
				DBD6C11C21EAD76500AC0158 /* animateProject */,
				DBD6C11B21EAD76500AC0158 /* Products */,
			);
			sourceTree = "<group>";
		};
		DBD6C11B21EAD76500AC0158 /* Products */ = {
			isa = PBXGroup;
			children = (
				DBD6C11A21EAD76500AC0158 /* animateProject.app */,
			);
			name = Products;
			sourceTree = "<group>";
		};
		DBD6C11C21EAD76500AC0158 /* animateProject */ = {
			isa = PBXGroup;
			children = (
				DBD6C11D21EAD76500AC0158 /* AppDelegate.swift */,
				DBD6C11F21EAD76500AC0158 /* ViewController.swift */,
				DB9AC73521FAE3E2002A2C2D /* TopMoreViewController.swift */,
				DB9AC73721FAEC5B002A2C2D /* IconViewController.swift */,
				DB8AA2C321FB230400626DA3 /* IconCollectionViewCell.swift */,
				DB2C385D21FB2F22000716B6 /* IconMoreViewController.swift */,
				DBD6C13621EADB6B00AC0158 /* Data.swift */,
				DBD6C13221EADA1D00AC0158 /* tableViewController.swift */,
				DBD6C13421EADA2900AC0158 /* tableCollectionViewCell.swift */,
				DB18BD2E21EB0F87001013A0 /* TopViewController.swift */,
				DBC27B3721EB1EC0009F3912 /* TopCollectionViewCell.swift */,
				DB2C385F21FC4172000716B6 /* FinallyViewController.swift */,
				DB2C386121FC418B000716B6 /* FinallyCollectionViewCell.swift */,
				DBD6C12121EAD76500AC0158 /* Main.storyboard */,
				DBD6C12721EAD76800AC0158 /* Assets.xcassets */,
				DBD6C12921EAD76800AC0158 /* LaunchScreen.storyboard */,
				DBD6C12C21EAD76800AC0158 /* Info.plist */,
				DBD6C12421EAD76500AC0158 /* animateProject.xcdatamodeld */,
			);
			path = animateProject;
			sourceTree = "<group>";
		};
/* End PBXGroup section */

/* Begin PBXNativeTarget section */
		DBD6C11921EAD76400AC0158 /* animateProject */ = {
			isa = PBXNativeTarget;
			buildConfigurationList = DBD6C12F21EAD76800AC0158 /* Build configuration list for PBXNativeTarget "animateProject" */;
			buildPhases = (
				DBD6C11621EAD76400AC0158 /* Sources */,
				DBD6C11721EAD76400AC0158 /* Frameworks */,
				DBD6C11821EAD76400AC0158 /* Resources */,
			);
			buildRules = (
			);
			dependencies = (
			);
			name = animateProject;
			productName = animateProject;
			productReference = DBD6C11A21EAD76500AC0158 /* animateProject.app */;
			productType = "com.apple.product-type.application";
		};
/* End PBXNativeTarget section */

/* Begin PBXProject section */
		DBD6C11221EAD76400AC0158 /* Project object */ = {
			isa = PBXProject;
			attributes = {
				LastSwiftUpdateCheck = 1010;
				LastUpgradeCheck = 1010;
				ORGANIZATIONNAME = "ヤンデレ猫";
				TargetAttributes = {
					DBD6C11921EAD76400AC0158 = {
						CreatedOnToolsVersion = 10.1;
					};
				};
			};
			buildConfigurationList = DBD6C11521EAD76400AC0158 /* Build configuration list for PBXProject "animateProject" */;
			compatibilityVersion = "Xcode 9.3";
			developmentRegion = en;
			hasScannedForEncodings = 0;
			knownRegions = (
				en,
				Base,
			);
			mainGroup = DBD6C11121EAD76400AC0158;
			productRefGroup = DBD6C11B21EAD76500AC0158 /* Products */;
			projectDirPath = "";
			projectRoot = "";
			targets = (
				DBD6C11921EAD76400AC0158 /* animateProject */,
			);
		};
/* End PBXProject section */

/* Begin PBXResourcesBuildPhase section */
		DBD6C11821EAD76400AC0158 /* Resources */ = {
			isa = PBXResourcesBuildPhase;
			buildActionMask = 2147483647;
			files = (
				DBD6C12B21EAD76800AC0158 /* LaunchScreen.storyboard in Resources */,
				DBD6C12821EAD76800AC0158 /* Assets.xcassets in Resources */,
				DBD6C12321EAD76500AC0158 /* Main.storyboard in Resources */,
			);
			runOnlyForDeploymentPostprocessing = 0;
		};
/* End PBXResourcesBuildPhase section */

/* Begin PBXSourcesBuildPhase section */
		DBD6C11621EAD76400AC0158 /* Sources */ = {
			isa = PBXSourcesBuildPhase;
			buildActionMask = 2147483647;
			files = (
				DB9AC73621FAE3E3002A2C2D /* TopMoreViewController.swift in Sources */,
				DB9AC73821FAEC5B002A2C2D /* IconViewController.swift in Sources */,
				DBC27B3821EB1EC0009F3912 /* TopCollectionViewCell.swift in Sources */,
				DBD6C13521EADA2900AC0158 /* tableCollectionViewCell.swift in Sources */,
				DBD6C13721EADB6B00AC0158 /* Data.swift in Sources */,
				DBD6C12021EAD76500AC0158 /* ViewController.swift in Sources */,
				DBD6C13321EADA1D00AC0158 /* tableViewController.swift in Sources */,
				DBD6C11E21EAD76500AC0158 /* AppDelegate.swift in Sources */,
				DBD6C12621EAD76500AC0158 /* animateProject.xcdatamodeld in Sources */,
				DB2C386021FC4172000716B6 /* FinallyViewController.swift in Sources */,
				DB2C386221FC418B000716B6 /* FinallyCollectionViewCell.swift in Sources */,
				DB18BD2F21EB0F87001013A0 /* TopViewController.swift in Sources */,
				DB2C385E21FB2F22000716B6 /* IconMoreViewController.swift in Sources */,
				DB8AA2C421FB230400626DA3 /* IconCollectionViewCell.swift in Sources */,
			);
			runOnlyForDeploymentPostprocessing = 0;
		};
/* End PBXSourcesBuildPhase section */

/* Begin PBXVariantGroup section */
		DBD6C12121EAD76500AC0158 /* Main.storyboard */ = {
			isa = PBXVariantGroup;
			children = (
				DBD6C12221EAD76500AC0158 /* Base */,
			);
			name = Main.storyboard;
			sourceTree = "<group>";
		};
		DBD6C12921EAD76800AC0158 /* LaunchScreen.storyboard */ = {
			isa = PBXVariantGroup;
			children = (
				DBD6C12A21EAD76800AC0158 /* Base */,
			);
			name = LaunchScreen.storyboard;
			sourceTree = "<group>";
		};
/* End PBXVariantGroup section */

/* Begin XCBuildConfiguration section */
		DBD6C12D21EAD76800AC0158 /* Debug */ = {
			isa = XCBuildConfiguration;
			buildSettings = {
				ALWAYS_SEARCH_USER_PATHS = NO;
				CLANG_ANALYZER_NONNULL = YES;
				CLANG_ANALYZER_NUMBER_OBJECT_CONVERSION = YES_AGGRESSIVE;
				CLANG_CXX_LANGUAGE_STANDARD = "gnu++14";
				CLANG_CXX_LIBRARY = "libc++";
				CLANG_ENABLE_MODULES = YES;
				CLANG_ENABLE_OBJC_ARC = YES;
				CLANG_ENABLE_OBJC_WEAK = YES;
				CLANG_WARN_BLOCK_CAPTURE_AUTORELEASING = YES;
				CLANG_WARN_BOOL_CONVERSION = YES;
				CLANG_WARN_COMMA = YES;
				CLANG_WARN_CONSTANT_CONVERSION = YES;
				CLANG_WARN_DEPRECATED_OBJC_IMPLEMENTATIONS = YES;
				CLANG_WARN_DIRECT_OBJC_ISA_USAGE = YES_ERROR;
				CLANG_WARN_DOCUMENTATION_COMMENTS = YES;
				CLANG_WARN_EMPTY_BODY = YES;
				CLANG_WARN_ENUM_CONVERSION = YES;
				CLANG_WARN_INFINITE_RECURSION = YES;
				CLANG_WARN_INT_CONVERSION = YES;
				CLANG_WARN_NON_LITERAL_NULL_CONVERSION = YES;
				CLANG_WARN_OBJC_IMPLICIT_RETAIN_SELF = YES;
				CLANG_WARN_OBJC_LITERAL_CONVERSION = YES;
				CLANG_WARN_OBJC_ROOT_CLASS = YES_ERROR;
				CLANG_WARN_RANGE_LOOP_ANALYSIS = YES;
				CLANG_WARN_STRICT_PROTOTYPES = YES;
				CLANG_WARN_SUSPICIOUS_MOVE = YES;
				CLANG_WARN_UNGUARDED_AVAILABILITY = YES_AGGRESSIVE;
				CLANG_WARN_UNREACHABLE_CODE = YES;
				CLANG_WARN__DUPLICATE_METHOD_MATCH = YES;
				CODE_SIGN_IDENTITY = "iPhone Developer";
				COPY_PHASE_STRIP = NO;
				DEBUG_INFORMATION_FORMAT = dwarf;
				ENABLE_STRICT_OBJC_MSGSEND = YES;
				ENABLE_TESTABILITY = YES;
				GCC_C_LANGUAGE_STANDARD = gnu11;
				GCC_DYNAMIC_NO_PIC = NO;
				GCC_NO_COMMON_BLOCKS = YES;
				GCC_OPTIMIZATION_LEVEL = 0;
				GCC_PREPROCESSOR_DEFINITIONS = (
					"DEBUG=1",
					"$(inherited)",
				);
				GCC_WARN_64_TO_32_BIT_CONVERSION = YES;
				GCC_WARN_ABOUT_RETURN_TYPE = YES_ERROR;
				GCC_WARN_UNDECLARED_SELECTOR = YES;
				GCC_WARN_UNINITIALIZED_AUTOS = YES_AGGRESSIVE;
				GCC_WARN_UNUSED_FUNCTION = YES;
				GCC_WARN_UNUSED_VARIABLE = YES;
				IPHONEOS_DEPLOYMENT_TARGET = 12.1;
				MTL_ENABLE_DEBUG_INFO = INCLUDE_SOURCE;
				MTL_FAST_MATH = YES;
				ONLY_ACTIVE_ARCH = YES;
				SDKROOT = iphoneos;
				SWIFT_ACTIVE_COMPILATION_CONDITIONS = DEBUG;
				SWIFT_OPTIMIZATION_LEVEL = "-Onone";
			};
			name = Debug;
		};
		DBD6C12E21EAD76800AC0158 /* Release */ = {
			isa = XCBuildConfiguration;
			buildSettings = {
				ALWAYS_SEARCH_USER_PATHS = NO;
				CLANG_ANALYZER_NONNULL = YES;
				CLANG_ANALYZER_NUMBER_OBJECT_CONVERSION = YES_AGGRESSIVE;
				CLANG_CXX_LANGUAGE_STANDARD = "gnu++14";
				CLANG_CXX_LIBRARY = "libc++";
				CLANG_ENABLE_MODULES = YES;
				CLANG_ENABLE_OBJC_ARC = YES;
				CLANG_ENABLE_OBJC_WEAK = YES;
				CLANG_WARN_BLOCK_CAPTURE_AUTORELEASING = YES;
				CLANG_WARN_BOOL_CONVERSION = YES;
				CLANG_WARN_COMMA = YES;
				CLANG_WARN_CONSTANT_CONVERSION = YES;
				CLANG_WARN_DEPRECATED_OBJC_IMPLEMENTATIONS = YES;
				CLANG_WARN_DIRECT_OBJC_ISA_USAGE = YES_ERROR;
				CLANG_WARN_DOCUMENTATION_COMMENTS = YES;
				CLANG_WARN_EMPTY_BODY = YES;
				CLANG_WARN_ENUM_CONVERSION = YES;
				CLANG_WARN_INFINITE_RECURSION = YES;
				CLANG_WARN_INT_CONVERSION = YES;
				CLANG_WARN_NON_LITERAL_NULL_CONVERSION = YES;
				CLANG_WARN_OBJC_IMPLICIT_RETAIN_SELF = YES;
				CLANG_WARN_OBJC_LITERAL_CONVERSION = YES;
				CLANG_WARN_OBJC_ROOT_CLASS = YES_ERROR;
				CLANG_WARN_RANGE_LOOP_ANALYSIS = YES;
				CLANG_WARN_STRICT_PROTOTYPES = YES;
				CLANG_WARN_SUSPICIOUS_MOVE = YES;
				CLANG_WARN_UNGUARDED_AVAILABILITY = YES_AGGRESSIVE;
				CLANG_WARN_UNREACHABLE_CODE = YES;
				CLANG_WARN__DUPLICATE_METHOD_MATCH = YES;
				CODE_SIGN_IDENTITY = "iPhone Developer";
				COPY_PHASE_STRIP = NO;
				DEBUG_INFORMATION_FORMAT = "dwarf-with-dsym";
				ENABLE_NS_ASSERTIONS = NO;
				ENABLE_STRICT_OBJC_MSGSEND = YES;
				GCC_C_LANGUAGE_STANDARD = gnu11;
				GCC_NO_COMMON_BLOCKS = YES;
				GCC_WARN_64_TO_32_BIT_CONVERSION = YES;
				GCC_WARN_ABOUT_RETURN_TYPE = YES_ERROR;
				GCC_WARN_UNDECLARED_SELECTOR = YES;
				GCC_WARN_UNINITIALIZED_AUTOS = YES_AGGRESSIVE;
				GCC_WARN_UNUSED_FUNCTION = YES;
				GCC_WARN_UNUSED_VARIABLE = YES;
				IPHONEOS_DEPLOYMENT_TARGET = 12.1;
				MTL_ENABLE_DEBUG_INFO = NO;
				MTL_FAST_MATH = YES;
				SDKROOT = iphoneos;
				SWIFT_COMPILATION_MODE = wholemodule;
				SWIFT_OPTIMIZATION_LEVEL = "-O";
				VALIDATE_PRODUCT = YES;
			};
			name = Release;
		};
		DBD6C13021EAD76800AC0158 /* Debug */ = {
			isa = XCBuildConfiguration;
			buildSettings = {
				ASSETCATALOG_COMPILER_APPICON_NAME = AppIcon;
				CODE_SIGN_STYLE = Automatic;
				DEVELOPMENT_TEAM = D65TQLF32U;
				INFOPLIST_FILE = animateProject/Info.plist;
				LD_RUNPATH_SEARCH_PATHS = (
					"$(inherited)",
					"@executable_path/Frameworks",
				);
				PRODUCT_BUNDLE_IDENTIFIER = "------.animateProject";
				PRODUCT_NAME = "$(TARGET_NAME)";
				SWIFT_VERSION = 4.2;
				TARGETED_DEVICE_FAMILY = "1,2";
			};
			name = Debug;
		};
		DBD6C13121EAD76800AC0158 /* Release */ = {
			isa = XCBuildConfiguration;
			buildSettings = {
				ASSETCATALOG_COMPILER_APPICON_NAME = AppIcon;
				CODE_SIGN_STYLE = Automatic;
				DEVELOPMENT_TEAM = D65TQLF32U;
				INFOPLIST_FILE = animateProject/Info.plist;
				LD_RUNPATH_SEARCH_PATHS = (
					"$(inherited)",
					"@executable_path/Frameworks",
				);
				PRODUCT_BUNDLE_IDENTIFIER = "------.animateProject";
				PRODUCT_NAME = "$(TARGET_NAME)";
				SWIFT_VERSION = 4.2;
				TARGETED_DEVICE_FAMILY = "1,2";
			};
			name = Release;
		};
/* End XCBuildConfiguration section */

/* Begin XCConfigurationList section */
		DBD6C11521EAD76400AC0158 /* Build configuration list for PBXProject "animateProject" */ = {
			isa = XCConfigurationList;
			buildConfigurations = (
				DBD6C12D21EAD76800AC0158 /* Debug */,
				DBD6C12E21EAD76800AC0158 /* Release */,
			);
			defaultConfigurationIsVisible = 0;
			defaultConfigurationName = Release;
		};
		DBD6C12F21EAD76800AC0158 /* Build configuration list for PBXNativeTarget "animateProject" */ = {
			isa = XCConfigurationList;
			buildConfigurations = (
				DBD6C13021EAD76800AC0158 /* Debug */,
				DBD6C13121EAD76800AC0158 /* Release */,
			);
			defaultConfigurationIsVisible = 0;
			defaultConfigurationName = Release;
		};
/* End XCConfigurationList section */

/* Begin XCVersionGroup section */
		DBD6C12421EAD76500AC0158 /* animateProject.xcdatamodeld */ = {
			isa = XCVersionGroup;
			children = (
				DBD6C12521EAD76500AC0158 /* animateProject.xcdatamodel */,
			);
			currentVersion = DBD6C12521EAD76500AC0158 /* animateProject.xcdatamodel */;
			path = animateProject.xcdatamodeld;
			sourceTree = "<group>";
			versionGroupType = wrapper.xcdatamodel;
		};
/* End XCVersionGroup section */
	};
	rootObject = DBD6C11221EAD76400AC0158 /* Project object */;
}
